// !$*UTF8*$!
{
	archiveVersion = 1;
	classes = {
	};
	objectVersion = 56;
	objects = {

/* Begin PBXBuildFile section */
		7552A2E329958B5000FBC088 /* UIButtonViewController.storyboard in Resources */ = {isa = PBXBuildFile; fileRef = 7552A2E229958B5000FBC088 /* UIButtonViewController.storyboard */; };
		7552A2E529958B5F00FBC088 /* UIButtonViewController.swift in Sources */ = {isa = PBXBuildFile; fileRef = 7552A2E429958B5F00FBC088 /* UIButtonViewController.swift */; };
		75AD71E22999716B009534D2 /* UIPickerViewController.swift in Sources */ = {isa = PBXBuildFile; fileRef = 75AD71E12999716B009534D2 /* UIPickerViewController.swift */; };
		75AD71E4299971DF009534D2 /* UIPickerViewController.storyboard in Resources */ = {isa = PBXBuildFile; fileRef = 75AD71E3299971DF009534D2 /* UIPickerViewController.storyboard */; };
		75F46CBA299583C0009EA6AF /* AppDelegate.swift in Sources */ = {isa = PBXBuildFile; fileRef = 75F46CB9299583C0009EA6AF /* AppDelegate.swift */; };
		75F46CBC299583C0009EA6AF /* SceneDelegate.swift in Sources */ = {isa = PBXBuildFile; fileRef = 75F46CBB299583C0009EA6AF /* SceneDelegate.swift */; };
		75F46CBE299583C0009EA6AF /* ViewController.swift in Sources */ = {isa = PBXBuildFile; fileRef = 75F46CBD299583C0009EA6AF /* ViewController.swift */; };
		75F46CC1299583C0009EA6AF /* Main.storyboard in Resources */ = {isa = PBXBuildFile; fileRef = 75F46CBF299583C0009EA6AF /* Main.storyboard */; };
		75F46CC3299583C1009EA6AF /* Assets.xcassets in Resources */ = {isa = PBXBuildFile; fileRef = 75F46CC2299583C1009EA6AF /* Assets.xcassets */; };
		75F46CC6299583C1009EA6AF /* LaunchScreen.storyboard in Resources */ = {isa = PBXBuildFile; fileRef = 75F46CC4299583C1009EA6AF /* LaunchScreen.storyboard */; };
/* End PBXBuildFile section */

/* Begin PBXFileReference section */
		7552A2E229958B5000FBC088 /* UIButtonViewController.storyboard */ = {isa = PBXFileReference; lastKnownFileType = file.storyboard; path = UIButtonViewController.storyboard; sourceTree = "<group>"; };
		7552A2E429958B5F00FBC088 /* UIButtonViewController.swift */ = {isa = PBXFileReference; lastKnownFileType = sourcecode.swift; path = UIButtonViewController.swift; sourceTree = "<group>"; };
		75AD71E12999716B009534D2 /* UIPickerViewController.swift */ = {isa = PBXFileReference; lastKnownFileType = sourcecode.swift; path = UIPickerViewController.swift; sourceTree = "<group>"; };
		75AD71E3299971DF009534D2 /* UIPickerViewController.storyboard */ = {isa = PBXFileReference; lastKnownFileType = file.storyboard; path = UIPickerViewController.storyboard; sourceTree = "<group>"; };
		75F46CB6299583C0009EA6AF /* UIKitStudy.app */ = {isa = PBXFileReference; explicitFileType = wrapper.application; includeInIndex = 0; path = UIKitStudy.app; sourceTree = BUILT_PRODUCTS_DIR; };
		75F46CB9299583C0009EA6AF /* AppDelegate.swift */ = {isa = PBXFileReference; lastKnownFileType = sourcecode.swift; path = AppDelegate.swift; sourceTree = "<group>"; };
		75F46CBB299583C0009EA6AF /* SceneDelegate.swift */ = {isa = PBXFileReference; lastKnownFileType = sourcecode.swift; path = SceneDelegate.swift; sourceTree = "<group>"; };
		75F46CBD299583C0009EA6AF /* ViewController.swift */ = {isa = PBXFileReference; lastKnownFileType = sourcecode.swift; path = ViewController.swift; sourceTree = "<group>"; };
		75F46CC0299583C0009EA6AF /* Base */ = {isa = PBXFileReference; lastKnownFileType = file.storyboard; name = Base; path = Base.lproj/Main.storyboard; sourceTree = "<group>"; };
		75F46CC2299583C1009EA6AF /* Assets.xcassets */ = {isa = PBXFileReference; lastKnownFileType = folder.assetcatalog; path = Assets.xcassets; sourceTree = "<group>"; };
		75F46CC5299583C1009EA6AF /* Base */ = {isa = PBXFileReference; lastKnownFileType = file.storyboard; name = Base; path = Base.lproj/LaunchScreen.storyboard; sourceTree = "<group>"; };
		75F46CC7299583C1009EA6AF /* Info.plist */ = {isa = PBXFileReference; lastKnownFileType = text.plist.xml; path = Info.plist; sourceTree = "<group>"; };
/* End PBXFileReference section */

/* Begin PBXFrameworksBuildPhase section */
		75F46CB3299583C0009EA6AF /* Frameworks */ = {
			isa = PBXFrameworksBuildPhase;
			buildActionMask = 2147483647;
			files = (
			);
			runOnlyForDeploymentPostprocessing = 0;
		};
/* End PBXFrameworksBuildPhase section */

/* Begin PBXGroup section */
		75AD71E029997122009534D2 /* UIPicker */ = {
			isa = PBXGroup;
			children = (
				75AD71E12999716B009534D2 /* UIPickerViewController.swift */,
				75AD71E3299971DF009534D2 /* UIPickerViewController.storyboard */,
			);
			path = UIPicker;
			sourceTree = "<group>";
		};
		75F46CAD299583C0009EA6AF = {
			isa = PBXGroup;
			children = (
				75F46CB8299583C0009EA6AF /* UIKitStudy */,
				75F46CB7299583C0009EA6AF /* Products */,
			);
			sourceTree = "<group>";
		};
		75F46CB7299583C0009EA6AF /* Products */ = {
			isa = PBXGroup;
			children = (
				75F46CB6299583C0009EA6AF /* UIKitStudy.app */,
			);
			name = Products;
			sourceTree = "<group>";
		};
		75F46CB8299583C0009EA6AF /* UIKitStudy */ = {
			isa = PBXGroup;
			children = (
				75F46CCD29958AD8009EA6AF /* Elements */,
				75F46CB9299583C0009EA6AF /* AppDelegate.swift */,
				75F46CBB299583C0009EA6AF /* SceneDelegate.swift */,
				75F46CBD299583C0009EA6AF /* ViewController.swift */,
				75F46CBF299583C0009EA6AF /* Main.storyboard */,
				75F46CC2299583C1009EA6AF /* Assets.xcassets */,
				75F46CC4299583C1009EA6AF /* LaunchScreen.storyboard */,
				75F46CC7299583C1009EA6AF /* Info.plist */,
			);
			path = UIKitStudy;
			sourceTree = "<group>";
		};
		75F46CCD29958AD8009EA6AF /* Elements */ = {
			isa = PBXGroup;
			children = (
				75AD71E029997122009534D2 /* UIPicker */,
				75F46CD029958B15009EA6AF /* UIButton */,
			);
			path = Elements;
			sourceTree = "<group>";
		};
		75F46CD029958B15009EA6AF /* UIButton */ = {
			isa = PBXGroup;
			children = (
				7552A2E229958B5000FBC088 /* UIButtonViewController.storyboard */,
				7552A2E429958B5F00FBC088 /* UIButtonViewController.swift */,
			);
			path = UIButton;
			sourceTree = "<group>";
		};
/* End PBXGroup section */

/* Begin PBXNativeTarget section */
		75F46CB5299583C0009EA6AF /* UIKitStudy */ = {
			isa = PBXNativeTarget;
			buildConfigurationList = 75F46CCA299583C1009EA6AF /* Build configuration list for PBXNativeTarget "UIKitStudy" */;
			buildPhases = (
				75F46CB2299583C0009EA6AF /* Sources */,
				75F46CB3299583C0009EA6AF /* Frameworks */,
				75F46CB4299583C0009EA6AF /* Resources */,
			);
			buildRules = (
			);
			dependencies = (
			);
			name = UIKitStudy;
			productName = UIKitStudy;
			productReference = 75F46CB6299583C0009EA6AF /* UIKitStudy.app */;
			productType = "com.apple.product-type.application";
		};
/* End PBXNativeTarget section */

/* Begin PBXProject section */
		75F46CAE299583C0009EA6AF /* Project object */ = {
			isa = PBXProject;
			attributes = {
				BuildIndependentTargetsInParallel = 1;
				LastSwiftUpdateCheck = 1420;
				LastUpgradeCheck = 1420;
				TargetAttributes = {
					75F46CB5299583C0009EA6AF = {
						CreatedOnToolsVersion = 14.2;
					};
				};
			};
			buildConfigurationList = 75F46CB1299583C0009EA6AF /* Build configuration list for PBXProject "UIKitStudy" */;
			compatibilityVersion = "Xcode 14.0";
			developmentRegion = en;
			hasScannedForEncodings = 0;
			knownRegions = (
				en,
				Base,
			);
			mainGroup = 75F46CAD299583C0009EA6AF;
			productRefGroup = 75F46CB7299583C0009EA6AF /* Products */;
			projectDirPath = "";
			projectRoot = "";
			targets = (
				75F46CB5299583C0009EA6AF /* UIKitStudy */,
			);
		};
/* End PBXProject section */

/* Begin PBXResourcesBuildPhase section */
		75F46CB4299583C0009EA6AF /* Resources */ = {
			isa = PBXResourcesBuildPhase;
			buildActionMask = 2147483647;
			files = (
				75F46CC6299583C1009EA6AF /* LaunchScreen.storyboard in Resources */,
				75F46CC3299583C1009EA6AF /* Assets.xcassets in Resources */,
				75AD71E4299971DF009534D2 /* UIPickerViewController.storyboard in Resources */,
				75F46CC1299583C0009EA6AF /* Main.storyboard in Resources */,
				7552A2E329958B5000FBC088 /* UIButtonViewController.storyboard in Resources */,
			);
			runOnlyForDeploymentPostprocessing = 0;
		};
/* End PBXResourcesBuildPhase section */

/* Begin PBXSourcesBuildPhase section */
		75F46CB2299583C0009EA6AF /* Sources */ = {
			isa = PBXSourcesBuildPhase;
			buildActionMask = 2147483647;
			files = (
				75AD71E22999716B009534D2 /* UIPickerViewController.swift in Sources */,
				7552A2E529958B5F00FBC088 /* UIButtonViewController.swift in Sources */,
				75F46CBE299583C0009EA6AF /* ViewController.swift in Sources */,
				75F46CBA299583C0009EA6AF /* AppDelegate.swift in Sources */,
				75F46CBC299583C0009EA6AF /* SceneDelegate.swift in Sources */,
			);
			runOnlyForDeploymentPostprocessing = 0;
		};
/* End PBXSourcesBuildPhase section */

/* Begin PBXVariantGroup section */
		75F46CBF299583C0009EA6AF /* Main.storyboard */ = {
			isa = PBXVariantGroup;
			children = (
				75F46CC0299583C0009EA6AF /* Base */,
			);
			name = Main.storyboard;
			sourceTree = "<group>";
		};
		75F46CC4299583C1009EA6AF /* LaunchScreen.storyboard */ = {
			isa = PBXVariantGroup;
			children = (
				75F46CC5299583C1009EA6AF /* Base */,
			);
			name = LaunchScreen.storyboard;
			sourceTree = "<group>";
		};
/* End PBXVariantGroup section */

/* Begin XCBuildConfiguration section */
		75F46CC8299583C1009EA6AF /* Debug */ = {
			isa = XCBuildConfiguration;
			buildSettings = {
				ALWAYS_SEARCH_USER_PATHS = NO;
				CLANG_ANALYZER_NONNULL = YES;
				CLANG_ANALYZER_NUMBER_OBJECT_CONVERSION = YES_AGGRESSIVE;
				CLANG_CXX_LANGUAGE_STANDARD = "gnu++20";
				CLANG_ENABLE_MODULES = YES;
				CLANG_ENABLE_OBJC_ARC = YES;
				CLANG_ENABLE_OBJC_WEAK = YES;
				CLANG_WARN_BLOCK_CAPTURE_AUTORELEASING = YES;
				CLANG_WARN_BOOL_CONVERSION = YES;
				CLANG_WARN_COMMA = YES;
				CLANG_WARN_CONSTANT_CONVERSION = YES;
				CLANG_WARN_DEPRECATED_OBJC_IMPLEMENTATIONS = YES;
				CLANG_WARN_DIRECT_OBJC_ISA_USAGE = YES_ERROR;
				CLANG_WARN_DOCUMENTATION_COMMENTS = YES;
				CLANG_WARN_EMPTY_BODY = YES;
				CLANG_WARN_ENUM_CONVERSION = YES;
				CLANG_WARN_INFINITE_RECURSION = YES;
				CLANG_WARN_INT_CONVERSION = YES;
				CLANG_WARN_NON_LITERAL_NULL_CONVERSION = YES;
				CLANG_WARN_OBJC_IMPLICIT_RETAIN_SELF = YES;
				CLANG_WARN_OBJC_LITERAL_CONVERSION = YES;
				CLANG_WARN_OBJC_ROOT_CLASS = YES_ERROR;
				CLANG_WARN_QUOTED_INCLUDE_IN_FRAMEWORK_HEADER = YES;
				CLANG_WARN_RANGE_LOOP_ANALYSIS = YES;
				CLANG_WARN_STRICT_PROTOTYPES = YES;
				CLANG_WARN_SUSPICIOUS_MOVE = YES;
				CLANG_WARN_UNGUARDED_AVAILABILITY = YES_AGGRESSIVE;
				CLANG_WARN_UNREACHABLE_CODE = YES;
				CLANG_WARN__DUPLICATE_METHOD_MATCH = YES;
				COPY_PHASE_STRIP = NO;
				DEBUG_INFORMATION_FORMAT = dwarf;
				ENABLE_STRICT_OBJC_MSGSEND = YES;
				ENABLE_TESTABILITY = YES;
				GCC_C_LANGUAGE_STANDARD = gnu11;
				GCC_DYNAMIC_NO_PIC = NO;
				GCC_NO_COMMON_BLOCKS = YES;
				GCC_OPTIMIZATION_LEVEL = 0;
				GCC_PREPROCESSOR_DEFINITIONS = (
					"DEBUG=1",
					"$(inherited)",
				);
				GCC_WARN_64_TO_32_BIT_CONVERSION = YES;
				GCC_WARN_ABOUT_RETURN_TYPE = YES_ERROR;
				GCC_WARN_UNDECLARED_SELECTOR = YES;
				GCC_WARN_UNINITIALIZED_AUTOS = YES_AGGRESSIVE;
				GCC_WARN_UNUSED_FUNCTION = YES;
				GCC_WARN_UNUSED_VARIABLE = YES;
				IPHONEOS_DEPLOYMENT_TARGET = 16.2;
				MTL_ENABLE_DEBUG_INFO = INCLUDE_SOURCE;
				MTL_FAST_MATH = YES;
				ONLY_ACTIVE_ARCH = YES;
				SDKROOT = iphoneos;
				SWIFT_ACTIVE_COMPILATION_CONDITIONS = DEBUG;
				SWIFT_OPTIMIZATION_LEVEL = "-Onone";
			};
			name = Debug;
		};
		75F46CC9299583C1009EA6AF /* Release */ = {
			isa = XCBuildConfiguration;
			buildSettings = {
				ALWAYS_SEARCH_USER_PATHS = NO;
				CLANG_ANALYZER_NONNULL = YES;
				CLANG_ANALYZER_NUMBER_OBJECT_CONVERSION = YES_AGGRESSIVE;
				CLANG_CXX_LANGUAGE_STANDARD = "gnu++20";
				CLANG_ENABLE_MODULES = YES;
				CLANG_ENABLE_OBJC_ARC = YES;
				CLANG_ENABLE_OBJC_WEAK = YES;
				CLANG_WARN_BLOCK_CAPTURE_AUTORELEASING = YES;
				CLANG_WARN_BOOL_CONVERSION = YES;
				CLANG_WARN_COMMA = YES;
				CLANG_WARN_CONSTANT_CONVERSION = YES;
				CLANG_WARN_DEPRECATED_OBJC_IMPLEMENTATIONS = YES;
				CLANG_WARN_DIRECT_OBJC_ISA_USAGE = YES_ERROR;
				CLANG_WARN_DOCUMENTATION_COMMENTS = YES;
				CLANG_WARN_EMPTY_BODY = YES;
				CLANG_WARN_ENUM_CONVERSION = YES;
				CLANG_WARN_INFINITE_RECURSION = YES;
				CLANG_WARN_INT_CONVERSION = YES;
				CLANG_WARN_NON_LITERAL_NULL_CONVERSION = YES;
				CLANG_WARN_OBJC_IMPLICIT_RETAIN_SELF = YES;
				CLANG_WARN_OBJC_LITERAL_CONVERSION = YES;
				CLANG_WARN_OBJC_ROOT_CLASS = YES_ERROR;
				CLANG_WARN_QUOTED_INCLUDE_IN_FRAMEWORK_HEADER = YES;
				CLANG_WARN_RANGE_LOOP_ANALYSIS = YES;
				CLANG_WARN_STRICT_PROTOTYPES = YES;
				CLANG_WARN_SUSPICIOUS_MOVE = YES;
				CLANG_WARN_UNGUARDED_AVAILABILITY = YES_AGGRESSIVE;
				CLANG_WARN_UNREACHABLE_CODE = YES;
				CLANG_WARN__DUPLICATE_METHOD_MATCH = YES;
				COPY_PHASE_STRIP = NO;
				DEBUG_INFORMATION_FORMAT = "dwarf-with-dsym";
				ENABLE_NS_ASSERTIONS = NO;
				ENABLE_STRICT_OBJC_MSGSEND = YES;
				GCC_C_LANGUAGE_STANDARD = gnu11;
				GCC_NO_COMMON_BLOCKS = YES;
				GCC_WARN_64_TO_32_BIT_CONVERSION = YES;
				GCC_WARN_ABOUT_RETURN_TYPE = YES_ERROR;
				GCC_WARN_UNDECLARED_SELECTOR = YES;
				GCC_WARN_UNINITIALIZED_AUTOS = YES_AGGRESSIVE;
				GCC_WARN_UNUSED_FUNCTION = YES;
				GCC_WARN_UNUSED_VARIABLE = YES;
				IPHONEOS_DEPLOYMENT_TARGET = 16.2;
				MTL_ENABLE_DEBUG_INFO = NO;
				MTL_FAST_MATH = YES;
				SDKROOT = iphoneos;
				SWIFT_COMPILATION_MODE = wholemodule;
				SWIFT_OPTIMIZATION_LEVEL = "-O";
				VALIDATE_PRODUCT = YES;
			};
			name = Release;
		};
		75F46CCB299583C1009EA6AF /* Debug */ = {
			isa = XCBuildConfiguration;
			buildSettings = {
				ASSETCATALOG_COMPILER_APPICON_NAME = AppIcon;
				ASSETCATALOG_COMPILER_GLOBAL_ACCENT_COLOR_NAME = AccentColor;
				CODE_SIGN_STYLE = Automatic;
				CURRENT_PROJECT_VERSION = 1;
				DEVELOPMENT_TEAM = QS8NP7Z934;
				GENERATE_INFOPLIST_FILE = YES;
				INFOPLIST_FILE = UIKitStudy/Info.plist;
				INFOPLIST_KEY_UIApplicationSupportsIndirectInputEvents = YES;
				INFOPLIST_KEY_UILaunchStoryboardName = LaunchScreen;
				INFOPLIST_KEY_UIMainStoryboardFile = Main;
				INFOPLIST_KEY_UISupportedInterfaceOrientations_iPad = "UIInterfaceOrientationPortrait UIInterfaceOrientationPortraitUpsideDown UIInterfaceOrientationLandscapeLeft UIInterfaceOrientationLandscapeRight";
				INFOPLIST_KEY_UISupportedInterfaceOrientations_iPhone = "UIInterfaceOrientationPortrait UIInterfaceOrientationLandscapeLeft UIInterfaceOrientationLandscapeRight";
				LD_RUNPATH_SEARCH_PATHS = (
					"$(inherited)",
					"@executable_path/Frameworks",
				);
				MARKETING_VERSION = 1.0;
				PRODUCT_BUNDLE_IDENTIFIER = com.carvajal.UIKitStudy;
				PRODUCT_NAME = "$(TARGET_NAME)";
				SWIFT_EMIT_LOC_STRINGS = YES;
				SWIFT_VERSION = 5.0;
				TARGETED_DEVICE_FAMILY = "1,2";
			};
			name = Debug;
		};
		75F46CCC299583C1009EA6AF /* Release */ = {
			isa = XCBuildConfiguration;
			buildSettings = {
				ASSETCATALOG_COMPILER_APPICON_NAME = AppIcon;
				ASSETCATALOG_COMPILER_GLOBAL_ACCENT_COLOR_NAME = AccentColor;
				CODE_SIGN_STYLE = Automatic;
				CURRENT_PROJECT_VERSION = 1;
				DEVELOPMENT_TEAM = QS8NP7Z934;
				GENERATE_INFOPLIST_FILE = YES;
				INFOPLIST_FILE = UIKitStudy/Info.plist;
				INFOPLIST_KEY_UIApplicationSupportsIndirectInputEvents = YES;
				INFOPLIST_KEY_UILaunchStoryboardName = LaunchScreen;
				INFOPLIST_KEY_UIMainStoryboardFile = Main;
				INFOPLIST_KEY_UISupportedInterfaceOrientations_iPad = "UIInterfaceOrientationPortrait UIInterfaceOrientationPortraitUpsideDown UIInterfaceOrientationLandscapeLeft UIInterfaceOrientationLandscapeRight";
				INFOPLIST_KEY_UISupportedInterfaceOrientations_iPhone = "UIInterfaceOrientationPortrait UIInterfaceOrientationLandscapeLeft UIInterfaceOrientationLandscapeRight";
				LD_RUNPATH_SEARCH_PATHS = (
					"$(inherited)",
					"@executable_path/Frameworks",
				);
				MARKETING_VERSION = 1.0;
				PRODUCT_BUNDLE_IDENTIFIER = com.carvajal.UIKitStudy;
				PRODUCT_NAME = "$(TARGET_NAME)";
				SWIFT_EMIT_LOC_STRINGS = YES;
				SWIFT_VERSION = 5.0;
				TARGETED_DEVICE_FAMILY = "1,2";
			};
			name = Release;
		};
/* End XCBuildConfiguration section */

/* Begin XCConfigurationList section */
		75F46CB1299583C0009EA6AF /* Build configuration list for PBXProject "UIKitStudy" */ = {
			isa = XCConfigurationList;
			buildConfigurations = (
				75F46CC8299583C1009EA6AF /* Debug */,
				75F46CC9299583C1009EA6AF /* Release */,
			);
			defaultConfigurationIsVisible = 0;
			defaultConfigurationName = Release;
		};
		75F46CCA299583C1009EA6AF /* Build configuration list for PBXNativeTarget "UIKitStudy" */ = {
			isa = XCConfigurationList;
			buildConfigurations = (
				75F46CCB299583C1009EA6AF /* Debug */,
				75F46CCC299583C1009EA6AF /* Release */,
			);
			defaultConfigurationIsVisible = 0;
			defaultConfigurationName = Release;
		};
/* End XCConfigurationList section */
	};
	rootObject = 75F46CAE299583C0009EA6AF /* Project object */;
}
